<?xml version="1.0" encoding="utf-8"?>
<Project ToolsVersion="4.0" xmlns="http://schemas.microsoft.com/developer/msbuild/2003">
  <ItemGroup>
    <None Include="include\ZGeom\SparseMatrix.inl">
      <Filter>Source Files</Filter>
    </None>
  </ItemGroup>
  <ItemGroup>
    <Filter Include="Header Files">
      <UniqueIdentifier>{ba0fe191-b2b8-43ab-a82e-13834c2714ee}</UniqueIdentifier>
      <Extensions>h;hpp;hxx;hm;inl;inc;xsd</Extensions>
    </Filter>
    <Filter Include="Source Files">
      <UniqueIdentifier>{b5b57418-1e4b-4134-90e7-afd358119567}</UniqueIdentifier>
      <Extensions>cpp;c;cc;cxx;def;odl;idl;hpj;bat;asm;asmx</Extensions>
    </Filter>
  </ItemGroup>
  <ItemGroup>
    <ClInclude Include="include\ZGeom\SparseMatrix.h">
      <Filter>Header Files</Filter>
    </ClInclude>
    <ClInclude Include="include\ZGeom\SparseMatrixCSR.h">
      <Filter>Header Files</Filter>
    </ClInclude>
    <ClInclude Include="include\ZGeom\Vec2.h">
      <Filter>Header Files</Filter>
    </ClInclude>
    <ClInclude Include="include\ZGeom\Vec3.h">
      <Filter>Header Files</Filter>
    </ClInclude>
    <ClInclude Include="include\ZGeom\ZGeom.h">
      <Filter>Header Files</Filter>
    </ClInclude>
    <ClInclude Include="include\ZGeom\VecN.h">
      <Filter>Header Files</Filter>
    </ClInclude>
    <ClInclude Include="include\ZGeom\EigenSystem.h">
      <Filter>Header Files</Filter>
    </ClInclude>
    <ClInclude Include="include\ZGeom\MatlabEngineWrapper.h">
      <Filter>Header Files</Filter>
    </ClInclude>
    <ClInclude Include="include\ZGeom\arithmetic.h">
      <Filter>Header Files</Filter>
    </ClInclude>
    <ClInclude Include="include\ZGeom\Vec4.h">
      <Filter>Header Files</Filter>
    </ClInclude>
    <ClInclude Include="include\ZGeom\MatVecFunctor.h">
      <Filter>Header Files</Filter>
    </ClInclude>
    <ClInclude Include="include\ZGeom\SparseMatVecMultiplier.h">
      <Filter>Header Files</Filter>
    </ClInclude>
    <ClInclude Include="include\ZGeom\SparseSymMatVecSolver.h">
      <Filter>Header Files</Filter>
    </ClInclude>
    <ClInclude Include="include\ZGeom\SparseSymSolver.h">
      <Filter>Header Files</Filter>
    </ClInclude>
    <ClInclude Include="include\ZGeom\common.h">
      <Filter>Header Files</Filter>
    </ClInclude>
    <ClInclude Include="include\ZGeom\SparseMatrixCOO.h">
      <Filter>Header Files</Filter>
    </ClInclude>
    <ClInclude Include="include\ZGeom\MatVecArithmetic.h">
      <Filter>Header Files</Filter>
    </ClInclude>
    <ClInclude Include="include\ZGeom\EigenCompute.h">
      <Filter>Header Files</Filter>
    </ClInclude>
    <ClInclude Include="include\ZGeom\DenseMatrix.h">
      <Filter>Header Files</Filter>
    </ClInclude>
    <ClInclude Include="include\ZGeom\DenseMatVecMultiplier.h">
      <Filter>Header Files</Filter>
    </ClInclude>
    <ClInclude Include="include\ZGeom\Laplacian.h">
      <Filter>Header Files</Filter>
    </ClInclude>
    <ClInclude Include="include\ZGeom\Color.h">
      <Filter>Header Files</Filter>
    </ClInclude>
    <ClInclude Include="include\ZGeom\Approximation.h">
      <Filter>Header Files</Filter>
    </ClInclude>
    <ClInclude Include="include\ZGeom\Mesh2.h">
      <Filter>Header Files</Filter>
    </ClInclude>
    <ClInclude Include="include\ZGeom\arcball.h">
      <Filter>Header Files</Filter>
    </ClInclude>
    <ClInclude Include="include\ZGeom\Mesh.h">
      <Filter>Header Files</Filter>
    </ClInclude>
    <ClInclude Include="include\ZGeom\MeshAttr.h">
      <Filter>Header Files</Filter>
    </ClInclude>
    <ClInclude Include="include\ZGeom\MeshPyramid.h">
      <Filter>Header Files</Filter>
    </ClInclude>
    <ClInclude Include="include\ZGeom\Quadric.h">
      <Filter>Header Files</Filter>
    </ClInclude>
    <ClInclude Include="include\ZGeom\Quat.h">
      <Filter>Header Files</Filter>
    </ClInclude>
    <ClInclude Include="include\ZGeom\MeshProcessing.h">
      <Filter>Header Files</Filter>
    </ClInclude>
    <ClInclude Include="include\ZGeom\fibheap.h">
      <Filter>Header Files</Filter>
    </ClInclude>
    <ClInclude Include="include\ZGeom\SimpleConfigLoader.h">
      <Filter>Header Files</Filter>
    </ClInclude>
    <ClInclude Include="include\ZGeom\timer.h">
      <Filter>Header Files</Filter>
    </ClInclude>
    <ClInclude Include="include\ZGeom\util.h">
      <Filter>Header Files</Filter>
    </ClInclude>
    <ClInclude Include="include\ZGeom\zassert.h">
      <Filter>Header Files</Filter>
    </ClInclude>
    <ClInclude Include="include\ZGeom\dataio.h">
      <Filter>Header Files</Filter>
    </ClInclude>
    <ClInclude Include="include\ZGeom\MCA.h">
      <Filter>Header Files</Filter>
    </ClInclude>
    <ClInclude Include="include\ZGeom\SparseRepresentation.h">
      <Filter>Header Files</Filter>
    </ClInclude>
    <ClInclude Include="include\ZGeom\SparseSolver.h">
      <Filter>Header Files</Filter>
    </ClInclude>
    <ClInclude Include="include\ZGeom\Vector3D.h">
      <Filter>Header Files</Filter>
    </ClInclude>
    <ClInclude Include="include\ZGeom\PointCloud.h">
      <Filter>Header Files</Filter>
    </ClInclude>
  </ItemGroup>
  <ItemGroup>
    <ClCompile Include="src\arithmetic.cpp">
      <Filter>Source Files</Filter>
    </ClCompile>
    <ClCompile Include="src\EigenSystem.cpp">
      <Filter>Source Files</Filter>
    </ClCompile>
    <ClCompile Include="src\SparseMatVecMultiplier.cpp">
      <Filter>Source Files</Filter>
    </ClCompile>
    <ClCompile Include="src\MatVecArithmetic.cpp">
      <Filter>Source Files</Filter>
    </ClCompile>
    <ClCompile Include="src\SparseMatrixCSR.cpp">
      <Filter>Source Files</Filter>
    </ClCompile>
    <ClCompile Include="src\EigenCompute.cpp">
      <Filter>Source Files</Filter>
    </ClCompile>
    <ClCompile Include="src\DenseMatVecMultiplier.cpp">
      <Filter>Source Files</Filter>
    </ClCompile>
    <ClCompile Include="src\Laplacian.cpp">
      <Filter>Source Files</Filter>
    </ClCompile>
    <ClCompile Include="src\MatlabEngineWrapper.cpp">
      <Filter>Source Files</Filter>
    </ClCompile>
    <ClCompile Include="src\Color.cpp">
      <Filter>Source Files</Filter>
    </ClCompile>
    <ClCompile Include="src\Mesh2.cpp">
      <Filter>Source Files</Filter>
    </ClCompile>
    <ClCompile Include="src\Mesh.cpp">
      <Filter>Source Files</Filter>
    </ClCompile>
    <ClCompile Include="src\MeshPyramid.cpp">
      <Filter>Source Files</Filter>
    </ClCompile>
    <ClCompile Include="src\arcball.cpp">
      <Filter>Source Files</Filter>
    </ClCompile>
    <ClCompile Include="src\Quadric.cpp">
      <Filter>Source Files</Filter>
    </ClCompile>
    <ClCompile Include="src\Quat.cpp">
      <Filter>Source Files</Filter>
    </ClCompile>
    <ClCompile Include="src\MeshProcessing.cpp">
      <Filter>Source Files</Filter>
    </ClCompile>
    <ClCompile Include="src\Approximation.cpp">
      <Filter>Source Files</Filter>
    </ClCompile>
    <ClCompile Include="src\SimpleConfigLoader.cpp">
      <Filter>Source Files</Filter>
    </ClCompile>
    <ClCompile Include="src\timer.cpp">
      <Filter>Source Files</Filter>
    </ClCompile>
    <ClCompile Include="src\fibheap.cpp">
      <Filter>Source Files</Filter>
    </ClCompile>
    <ClCompile Include="src\dataio.cpp">
      <Filter>Source Files</Filter>
    </ClCompile>
    <ClCompile Include="src\MCA.cpp">
      <Filter>Source Files</Filter>
    </ClCompile>
    <ClCompile Include="src\SparseRepresentation.cpp">
      <Filter>Source Files</Filter>
    </ClCompile>
    <ClCompile Include="src\SparseSolver.cpp">
      <Filter>Source Files</Filter>
    </ClCompile>
    <ClCompile Include="src\Vector3D.cpp">
      <Filter>Source Files</Filter>
    </ClCompile>
    <ClCompile Include="src\VecN.cpp">
      <Filter>Source Files</Filter>
    </ClCompile>
    <ClCompile Include="src\PointCloud.cpp">
      <Filter>Source Files</Filter>
    </ClCompile>
  </ItemGroup>
</Project>