<?xml version="1.0" encoding="utf-8"?>
<Project ToolsVersion="4.0" xmlns="http://schemas.microsoft.com/developer/msbuild/2003">
  <ItemGroup>
    <None Include="ReadMe.txt" />
    <None Include="include\ZGeom\SparseMatrix.inl">
      <Filter>Source Files</Filter>
    </None>
  </ItemGroup>
  <ItemGroup>
    <Filter Include="Header Files">
      <UniqueIdentifier>{ba0fe191-b2b8-43ab-a82e-13834c2714ee}</UniqueIdentifier>
      <Extensions>h;hpp;hxx;hm;inl;inc;xsd</Extensions>
    </Filter>
    <Filter Include="Source Files">
      <UniqueIdentifier>{b5b57418-1e4b-4134-90e7-afd358119567}</UniqueIdentifier>
      <Extensions>cpp;c;cc;cxx;def;odl;idl;hpj;bat;asm;asmx</Extensions>
    </Filter>
  </ItemGroup>
  <ItemGroup>
    <ClInclude Include="include\ZGeom\SparseMatrix.h">
      <Filter>Header Files</Filter>
    </ClInclude>
    <ClInclude Include="include\ZGeom\SparseMatrixCSR.h">
      <Filter>Header Files</Filter>
    </ClInclude>
    <ClInclude Include="include\ZGeom\types.h">
      <Filter>Header Files</Filter>
    </ClInclude>
    <ClInclude Include="include\ZGeom\Vec2.h">
      <Filter>Header Files</Filter>
    </ClInclude>
    <ClInclude Include="include\ZGeom\Vec3.h">
      <Filter>Header Files</Filter>
    </ClInclude>
    <ClInclude Include="include\ZGeom\ZGeom.h">
      <Filter>Header Files</Filter>
    </ClInclude>
    <ClInclude Include="include\ZGeom\VecN.h">
      <Filter>Header Files</Filter>
    </ClInclude>
    <ClInclude Include="include\ZGeom\EigenSystem.h">
      <Filter>Header Files</Filter>
    </ClInclude>
    <ClInclude Include="include\ZGeom\MatlabEngineWrapper.h">
      <Filter>Header Files</Filter>
    </ClInclude>
    <ClInclude Include="include\ZGeom\trigonometry.h">
      <Filter>Header Files</Filter>
    </ClInclude>
    <ClInclude Include="include\ZGeom\arithmetic.h">
      <Filter>Header Files</Filter>
    </ClInclude>
  </ItemGroup>
  <ItemGroup>
    <ClCompile Include="src\arithmetic.cpp">
      <Filter>Source Files</Filter>
    </ClCompile>
  </ItemGroup>
</Project>